
Microsoft Visual Studio Solution File, Format Version 12.00
# Visual Studio 2012
Project("{2150E333-8FDC-42A3-9474-1A3956D46DE8}") = "Backend", "Backend", "{96606604-591A-4C32-B648-05EF113C783B}"
EndProject
Project("{FAE04EC0-301F-11D3-BF4B-00C04F79EFBC}") = "Justin.BookShop.IRepository", "Justin.BookShop.IRepository\Justin.BookShop.IRepository.csproj", "{1E47CD07-15D2-4CDE-A80B-4C8398AE9529}"
EndProject
Project("{FAE04EC0-301F-11D3-BF4B-00C04F79EFBC}") = "Justin.BookShop.Service", "Justin.BookShop.Services\Justin.BookShop.Service.csproj", "{7BEC5669-C26B-4EAC-A23A-1F7ED50D51D7}"
	ProjectSection(ProjectDependencies) = postProject
		{1E47CD07-15D2-4CDE-A80B-4C8398AE9529} = {1E47CD07-15D2-4CDE-A80B-4C8398AE9529}
		{327D74B7-C1AC-4F0C-BEA5-4C072CD91056} = {327D74B7-C1AC-4F0C-BEA5-4C072CD91056}
		{CCE3E8F3-236A-4BC0-865E-452EADC0B7BD} = {CCE3E8F3-236A-4BC0-865E-452EADC0B7BD}
	EndProjectSection
EndProject
Project("{2150E333-8FDC-42A3-9474-1A3956D46DE8}") = "Common", "Common", "{5B4DEF1E-57B7-43CA-A1E5-5E3164929B48}"
EndProject
Project("{FAE04EC0-301F-11D3-BF4B-00C04F79EFBC}") = "Justin.BookShop.IService", "Justin.BookShop.IService\Justin.BookShop.IService.csproj", "{9C985716-A058-4D44-97B0-4D068BABFDE6}"
	ProjectSection(ProjectDependencies) = postProject
		{1E47CD07-15D2-4CDE-A80B-4C8398AE9529} = {1E47CD07-15D2-4CDE-A80B-4C8398AE9529}
		{327D74B7-C1AC-4F0C-BEA5-4C072CD91056} = {327D74B7-C1AC-4F0C-BEA5-4C072CD91056}
		{CCE3E8F3-236A-4BC0-865E-452EADC0B7BD} = {CCE3E8F3-236A-4BC0-865E-452EADC0B7BD}
	EndProjectSection
EndProject
Project("{FAE04EC0-301F-11D3-BF4B-00C04F79EFBC}") = "Justin.BookShop.Common", "Justin.BookShop.Common\Justin.BookShop.Common.csproj", "{CCE3E8F3-236A-4BC0-865E-452EADC0B7BD}"
EndProject
Project("{2150E333-8FDC-42A3-9474-1A3956D46DE8}") = "Frontend", "Frontend", "{EBCE4D65-CF77-49F8-847A-F63000632971}"
EndProject
Project("{FAE04EC0-301F-11D3-BF4B-00C04F79EFBC}") = "Justin.BookShop.Web", "Justin.BookShop.Web\Justin.BookShop.Web.csproj", "{9A032BC4-3953-4441-BB52-396BE5BB7634}"
	ProjectSection(ProjectDependencies) = postProject
		{DA752CDA-08AB-4E96-9E61-3EB0087FC8FF} = {DA752CDA-08AB-4E96-9E61-3EB0087FC8FF}
		{CCE3E8F3-236A-4BC0-865E-452EADC0B7BD} = {CCE3E8F3-236A-4BC0-865E-452EADC0B7BD}
	EndProjectSection
EndProject
Project("{FAE04EC0-301F-11D3-BF4B-00C04F79EFBC}") = "Justin.BookShop.Admin", "Justin.BookShop.Admin\Justin.BookShop.Admin.csproj", "{78BCEDD6-8385-46D6-93EF-14E1A5176940}"
	ProjectSection(ProjectDependencies) = postProject
		{DA752CDA-08AB-4E96-9E61-3EB0087FC8FF} = {DA752CDA-08AB-4E96-9E61-3EB0087FC8FF}
		{CCE3E8F3-236A-4BC0-865E-452EADC0B7BD} = {CCE3E8F3-236A-4BC0-865E-452EADC0B7BD}
	EndProjectSection
EndProject
Project("{FAE04EC0-301F-11D3-BF4B-00C04F79EFBC}") = "Justin.BookShop.Controllers", "Justin.BookShop.Controllers\Justin.BookShop.Controllers.csproj", "{DA752CDA-08AB-4E96-9E61-3EB0087FC8FF}"
	ProjectSection(ProjectDependencies) = postProject
		{9C985716-A058-4D44-97B0-4D068BABFDE6} = {9C985716-A058-4D44-97B0-4D068BABFDE6}
		{327D74B7-C1AC-4F0C-BEA5-4C072CD91056} = {327D74B7-C1AC-4F0C-BEA5-4C072CD91056}
		{CCE3E8F3-236A-4BC0-865E-452EADC0B7BD} = {CCE3E8F3-236A-4BC0-865E-452EADC0B7BD}
	EndProjectSection
EndProject
Project("{FAE04EC0-301F-11D3-BF4B-00C04F79EFBC}") = "Justin.BookShop.EfMsSqlRepository", "Justin.BookShop.EfMsSqlRepository\Justin.BookShop.EfMsSqlRepository.csproj", "{D1BD1644-DD82-4238-9017-40C56C93911D}"
	ProjectSection(ProjectDependencies) = postProject
		{1E47CD07-15D2-4CDE-A80B-4C8398AE9529} = {1E47CD07-15D2-4CDE-A80B-4C8398AE9529}
		{327D74B7-C1AC-4F0C-BEA5-4C072CD91056} = {327D74B7-C1AC-4F0C-BEA5-4C072CD91056}
		{CCE3E8F3-236A-4BC0-865E-452EADC0B7BD} = {CCE3E8F3-236A-4BC0-865E-452EADC0B7BD}
	EndProjectSection
EndProject
Project("{FAE04EC0-301F-11D3-BF4B-00C04F79EFBC}") = "Justin.BookShop.Entities", "Justin.BookShop.Entities\Justin.BookShop.Entities.csproj", "{327D74B7-C1AC-4F0C-BEA5-4C072CD91056}"
EndProject
Project("{FAE04EC0-301F-11D3-BF4B-00C04F79EFBC}") = "Justin.BookShop.Registration", "Justin.BookShop.Registration\Justin.BookShop.Registration.csproj", "{14FC1C80-7EE2-42B3-A857-8BEA54C4214A}"
EndProject
Project("{FAE04EC0-301F-11D3-BF4B-00C04F79EFBC}") = "Justin.BookShop.FileServer", "Justin.BookShop.FileServer\Justin.BookShop.FileServer.csproj", "{3CAB38A0-730C-487F-8B26-FA7C3744D08D}"
EndProject
Project("{FAE04EC0-301F-11D3-BF4B-00C04F79EFBC}") = "Justin.BookShop.ServiceHost", "Justin.BookShop.ServiceHost\Justin.BookShop.ServiceHost.csproj", "{39983190-AC47-45BE-84D5-DDABB5C6400A}"
EndProject
Project("{FAE04EC0-301F-11D3-BF4B-00C04F79EFBC}") = "Justin.BookShop.WcfRegistration", "Justin.BookShop.WcfRegistration\Justin.BookShop.WcfRegistration.csproj", "{1F304C58-2D1E-4FD9-B47A-E98C40B5B245}"
EndProject
Global
	GlobalSection(SolutionConfigurationPlatforms) = preSolution
		Debug|Any CPU = Debug|Any CPU
		Release|Any CPU = Release|Any CPU
	EndGlobalSection
	GlobalSection(ProjectConfigurationPlatforms) = postSolution
		{1E47CD07-15D2-4CDE-A80B-4C8398AE9529}.Debug|Any CPU.ActiveCfg = Debug|Any CPU
		{1E47CD07-15D2-4CDE-A80B-4C8398AE9529}.Debug|Any CPU.Build.0 = Debug|Any CPU
		{1E47CD07-15D2-4CDE-A80B-4C8398AE9529}.Release|Any CPU.ActiveCfg = Release|Any CPU
		{1E47CD07-15D2-4CDE-A80B-4C8398AE9529}.Release|Any CPU.Build.0 = Release|Any CPU
		{7BEC5669-C26B-4EAC-A23A-1F7ED50D51D7}.Debug|Any CPU.ActiveCfg = Debug|Any CPU
		{7BEC5669-C26B-4EAC-A23A-1F7ED50D51D7}.Debug|Any CPU.Build.0 = Debug|Any CPU
		{7BEC5669-C26B-4EAC-A23A-1F7ED50D51D7}.Release|Any CPU.ActiveCfg = Release|Any CPU
		{7BEC5669-C26B-4EAC-A23A-1F7ED50D51D7}.Release|Any CPU.Build.0 = Release|Any CPU
		{9C985716-A058-4D44-97B0-4D068BABFDE6}.Debug|Any CPU.ActiveCfg = Debug|Any CPU
		{9C985716-A058-4D44-97B0-4D068BABFDE6}.Debug|Any CPU.Build.0 = Debug|Any CPU
		{9C985716-A058-4D44-97B0-4D068BABFDE6}.Release|Any CPU.ActiveCfg = Release|Any CPU
		{9C985716-A058-4D44-97B0-4D068BABFDE6}.Release|Any CPU.Build.0 = Release|Any CPU
		{CCE3E8F3-236A-4BC0-865E-452EADC0B7BD}.Debug|Any CPU.ActiveCfg = Debug|Any CPU
		{CCE3E8F3-236A-4BC0-865E-452EADC0B7BD}.Debug|Any CPU.Build.0 = Debug|Any CPU
		{CCE3E8F3-236A-4BC0-865E-452EADC0B7BD}.Release|Any CPU.ActiveCfg = Release|Any CPU
		{CCE3E8F3-236A-4BC0-865E-452EADC0B7BD}.Release|Any CPU.Build.0 = Release|Any CPU
		{9A032BC4-3953-4441-BB52-396BE5BB7634}.Debug|Any CPU.ActiveCfg = Debug|Any CPU
		{9A032BC4-3953-4441-BB52-396BE5BB7634}.Debug|Any CPU.Build.0 = Debug|Any CPU
		{9A032BC4-3953-4441-BB52-396BE5BB7634}.Release|Any CPU.ActiveCfg = Release|Any CPU
		{9A032BC4-3953-4441-BB52-396BE5BB7634}.Release|Any CPU.Build.0 = Release|Any CPU
		{78BCEDD6-8385-46D6-93EF-14E1A5176940}.Debug|Any CPU.ActiveCfg = Debug|Any CPU
		{78BCEDD6-8385-46D6-93EF-14E1A5176940}.Debug|Any CPU.Build.0 = Debug|Any CPU
		{78BCEDD6-8385-46D6-93EF-14E1A5176940}.Release|Any CPU.ActiveCfg = Release|Any CPU
		{78BCEDD6-8385-46D6-93EF-14E1A5176940}.Release|Any CPU.Build.0 = Release|Any CPU
		{DA752CDA-08AB-4E96-9E61-3EB0087FC8FF}.Debug|Any CPU.ActiveCfg = Debug|Any CPU
		{DA752CDA-08AB-4E96-9E61-3EB0087FC8FF}.Debug|Any CPU.Build.0 = Debug|Any CPU
		{DA752CDA-08AB-4E96-9E61-3EB0087FC8FF}.Release|Any CPU.ActiveCfg = Release|Any CPU
		{DA752CDA-08AB-4E96-9E61-3EB0087FC8FF}.Release|Any CPU.Build.0 = Release|Any CPU
		{D1BD1644-DD82-4238-9017-40C56C93911D}.Debug|Any CPU.ActiveCfg = Debug|Any CPU
		{D1BD1644-DD82-4238-9017-40C56C93911D}.Debug|Any CPU.Build.0 = Debug|Any CPU
		{D1BD1644-DD82-4238-9017-40C56C93911D}.Release|Any CPU.ActiveCfg = Release|Any CPU
		{D1BD1644-DD82-4238-9017-40C56C93911D}.Release|Any CPU.Build.0 = Release|Any CPU
		{327D74B7-C1AC-4F0C-BEA5-4C072CD91056}.Debug|Any CPU.ActiveCfg = Debug|Any CPU
		{327D74B7-C1AC-4F0C-BEA5-4C072CD91056}.Debug|Any CPU.Build.0 = Debug|Any CPU
		{327D74B7-C1AC-4F0C-BEA5-4C072CD91056}.Release|Any CPU.ActiveCfg = Release|Any CPU
		{327D74B7-C1AC-4F0C-BEA5-4C072CD91056}.Release|Any CPU.Build.0 = Release|Any CPU
		{14FC1C80-7EE2-42B3-A857-8BEA54C4214A}.Debug|Any CPU.ActiveCfg = Debug|Any CPU
		{14FC1C80-7EE2-42B3-A857-8BEA54C4214A}.Debug|Any CPU.Build.0 = Debug|Any CPU
		{14FC1C80-7EE2-42B3-A857-8BEA54C4214A}.Release|Any CPU.ActiveCfg = Release|Any CPU
		{14FC1C80-7EE2-42B3-A857-8BEA54C4214A}.Release|Any CPU.Build.0 = Release|Any CPU
		{3CAB38A0-730C-487F-8B26-FA7C3744D08D}.Debug|Any CPU.ActiveCfg = Debug|Any CPU
		{3CAB38A0-730C-487F-8B26-FA7C3744D08D}.Debug|Any CPU.Build.0 = Debug|Any CPU
		{3CAB38A0-730C-487F-8B26-FA7C3744D08D}.Release|Any CPU.ActiveCfg = Release|Any CPU
		{3CAB38A0-730C-487F-8B26-FA7C3744D08D}.Release|Any CPU.Build.0 = Release|Any CPU
		{39983190-AC47-45BE-84D5-DDABB5C6400A}.Debug|Any CPU.ActiveCfg = Debug|Any CPU
		{39983190-AC47-45BE-84D5-DDABB5C6400A}.Debug|Any CPU.Build.0 = Debug|Any CPU
		{39983190-AC47-45BE-84D5-DDABB5C6400A}.Release|Any CPU.ActiveCfg = Release|Any CPU
		{39983190-AC47-45BE-84D5-DDABB5C6400A}.Release|Any CPU.Build.0 = Release|Any CPU
		{1F304C58-2D1E-4FD9-B47A-E98C40B5B245}.Debug|Any CPU.ActiveCfg = Debug|Any CPU
		{1F304C58-2D1E-4FD9-B47A-E98C40B5B245}.Debug|Any CPU.Build.0 = Debug|Any CPU
		{1F304C58-2D1E-4FD9-B47A-E98C40B5B245}.Release|Any CPU.ActiveCfg = Release|Any CPU
		{1F304C58-2D1E-4FD9-B47A-E98C40B5B245}.Release|Any CPU.Build.0 = Release|Any CPU
	EndGlobalSection
	GlobalSection(SolutionProperties) = preSolution
		HideSolutionNode = FALSE
	EndGlobalSection
	GlobalSection(NestedProjects) = preSolution
		{1E47CD07-15D2-4CDE-A80B-4C8398AE9529} = {96606604-591A-4C32-B648-05EF113C783B}
		{7BEC5669-C26B-4EAC-A23A-1F7ED50D51D7} = {96606604-591A-4C32-B648-05EF113C783B}
		{D1BD1644-DD82-4238-9017-40C56C93911D} = {96606604-591A-4C32-B648-05EF113C783B}
		{9C985716-A058-4D44-97B0-4D068BABFDE6} = {5B4DEF1E-57B7-43CA-A1E5-5E3164929B48}
		{CCE3E8F3-236A-4BC0-865E-452EADC0B7BD} = {5B4DEF1E-57B7-43CA-A1E5-5E3164929B48}
		{327D74B7-C1AC-4F0C-BEA5-4C072CD91056} = {5B4DEF1E-57B7-43CA-A1E5-5E3164929B48}
		{14FC1C80-7EE2-42B3-A857-8BEA54C4214A} = {5B4DEF1E-57B7-43CA-A1E5-5E3164929B48}
		{DA752CDA-08AB-4E96-9E61-3EB0087FC8FF} = {5B4DEF1E-57B7-43CA-A1E5-5E3164929B48}
		{1F304C58-2D1E-4FD9-B47A-E98C40B5B245} = {5B4DEF1E-57B7-43CA-A1E5-5E3164929B48}
		{9A032BC4-3953-4441-BB52-396BE5BB7634} = {EBCE4D65-CF77-49F8-847A-F63000632971}
		{78BCEDD6-8385-46D6-93EF-14E1A5176940} = {EBCE4D65-CF77-49F8-847A-F63000632971}
		{3CAB38A0-730C-487F-8B26-FA7C3744D08D} = {EBCE4D65-CF77-49F8-847A-F63000632971}
		{39983190-AC47-45BE-84D5-DDABB5C6400A} = {EBCE4D65-CF77-49F8-847A-F63000632971}
	EndGlobalSection
EndGlobal
